// !$*UTF8*$!
{
	archiveVersion = 1;
	classes = {
	};
	objectVersion = 50;
	objects = {

/* Begin PBXBuildFile section */
		AA163CEF2101AD9900E360C4 /* ScsServer.cpp in Sources */ = {isa = PBXBuildFile; fileRef = AA163CDE2101AD9800E360C4 /* ScsServer.cpp */; };
		AA163CF02101AD9900E360C4 /* ScsClient.h in Headers */ = {isa = PBXBuildFile; fileRef = AA163CDF2101AD9800E360C4 /* ScsClient.h */; };
		AA163CF12101AD9900E360C4 /* ScsCommon.cpp in Sources */ = {isa = PBXBuildFile; fileRef = AA163CE02101AD9800E360C4 /* ScsCommon.cpp */; };
		AA163CF22101AD9900E360C4 /* Scs.cpp in Sources */ = {isa = PBXBuildFile; fileRef = AA163CE12101AD9800E360C4 /* Scs.cpp */; };
		AA163CF32101AD9900E360C4 /* ScsInternal.h in Headers */ = {isa = PBXBuildFile; fileRef = AA163CE22101AD9800E360C4 /* ScsInternal.h */; };
		AA163CF42101AD9900E360C4 /* ScsServer.h in Headers */ = {isa = PBXBuildFile; fileRef = AA163CE32101AD9800E360C4 /* ScsServer.h */; };
		AA163CF52101AD9900E360C4 /* ScsSendQueue.cpp in Sources */ = {isa = PBXBuildFile; fileRef = AA163CE42101AD9800E360C4 /* ScsSendQueue.cpp */; };
		AA163CF62101AD9900E360C4 /* ScsAddress.h in Headers */ = {isa = PBXBuildFile; fileRef = AA163CE52101AD9800E360C4 /* ScsAddress.h */; };
		AA163CF72101AD9900E360C4 /* ScsCommon.h in Headers */ = {isa = PBXBuildFile; fileRef = AA163CE62101AD9900E360C4 /* ScsCommon.h */; };
		AA163CF82101AD9900E360C4 /* ScsReceiveQueue.h in Headers */ = {isa = PBXBuildFile; fileRef = AA163CE72101AD9900E360C4 /* ScsReceiveQueue.h */; };
		AA163CF92101AD9900E360C4 /* ScsSocket.h in Headers */ = {isa = PBXBuildFile; fileRef = AA163CE82101AD9900E360C4 /* ScsSocket.h */; };
		AA163CFA2101AD9900E360C4 /* ScsSendQueue.h in Headers */ = {isa = PBXBuildFile; fileRef = AA163CE92101AD9900E360C4 /* ScsSendQueue.h */; };
		AA163CFB2101AD9900E360C4 /* ScsSocket.cpp in Sources */ = {isa = PBXBuildFile; fileRef = AA163CEA2101AD9900E360C4 /* ScsSocket.cpp */; };
		AA163CFC2101AD9900E360C4 /* ScsReceiveQueue.cpp in Sources */ = {isa = PBXBuildFile; fileRef = AA163CEB2101AD9900E360C4 /* ScsReceiveQueue.cpp */; };
		AA163CFD2101AD9900E360C4 /* Scs.h in Headers */ = {isa = PBXBuildFile; fileRef = AA163CEC2101AD9900E360C4 /* Scs.h */; };
		AA163CFE2101AD9900E360C4 /* ScsAddress.cpp in Sources */ = {isa = PBXBuildFile; fileRef = AA163CED2101AD9900E360C4 /* ScsAddress.cpp */; };
		AA163CFF2101AD9900E360C4 /* ScsClient.cpp in Sources */ = {isa = PBXBuildFile; fileRef = AA163CEE2101AD9900E360C4 /* ScsClient.cpp */; };
/* End PBXBuildFile section */

/* Begin PBXFileReference section */
		AA163CD52101AD0A00E360C4 /* libScs.a */ = {isa = PBXFileReference; explicitFileType = archive.ar; includeInIndex = 0; path = libScs.a; sourceTree = BUILT_PRODUCTS_DIR; };
		AA163CDE2101AD9800E360C4 /* ScsServer.cpp */ = {isa = PBXFileReference; fileEncoding = 4; lastKnownFileType = sourcecode.cpp.cpp; name = ScsServer.cpp; path = ../../../../../Source/ScsServer.cpp; sourceTree = "<group>"; };
		AA163CDF2101AD9800E360C4 /* ScsClient.h */ = {isa = PBXFileReference; fileEncoding = 4; lastKnownFileType = sourcecode.c.h; name = ScsClient.h; path = ../../../../../Source/ScsClient.h; sourceTree = "<group>"; };
		AA163CE02101AD9800E360C4 /* ScsCommon.cpp */ = {isa = PBXFileReference; fileEncoding = 4; lastKnownFileType = sourcecode.cpp.cpp; name = ScsCommon.cpp; path = ../../../../../Source/ScsCommon.cpp; sourceTree = "<group>"; };
		AA163CE12101AD9800E360C4 /* Scs.cpp */ = {isa = PBXFileReference; fileEncoding = 4; lastKnownFileType = sourcecode.cpp.cpp; name = Scs.cpp; path = ../../../../../Source/Scs.cpp; sourceTree = "<group>"; };
		AA163CE22101AD9800E360C4 /* ScsInternal.h */ = {isa = PBXFileReference; fileEncoding = 4; lastKnownFileType = sourcecode.c.h; name = ScsInternal.h; path = ../../../../../Source/ScsInternal.h; sourceTree = "<group>"; };
		AA163CE32101AD9800E360C4 /* ScsServer.h */ = {isa = PBXFileReference; fileEncoding = 4; lastKnownFileType = sourcecode.c.h; name = ScsServer.h; path = ../../../../../Source/ScsServer.h; sourceTree = "<group>"; };
		AA163CE42101AD9800E360C4 /* ScsSendQueue.cpp */ = {isa = PBXFileReference; fileEncoding = 4; lastKnownFileType = sourcecode.cpp.cpp; name = ScsSendQueue.cpp; path = ../../../../../Source/ScsSendQueue.cpp; sourceTree = "<group>"; };
		AA163CE52101AD9800E360C4 /* ScsAddress.h */ = {isa = PBXFileReference; fileEncoding = 4; lastKnownFileType = sourcecode.c.h; name = ScsAddress.h; path = ../../../../../Source/ScsAddress.h; sourceTree = "<group>"; };
		AA163CE62101AD9900E360C4 /* ScsCommon.h */ = {isa = PBXFileReference; fileEncoding = 4; lastKnownFileType = sourcecode.c.h; name = ScsCommon.h; path = ../../../../../Source/ScsCommon.h; sourceTree = "<group>"; };
		AA163CE72101AD9900E360C4 /* ScsReceiveQueue.h */ = {isa = PBXFileReference; fileEncoding = 4; lastKnownFileType = sourcecode.c.h; name = ScsReceiveQueue.h; path = ../../../../../Source/ScsReceiveQueue.h; sourceTree = "<group>"; };
		AA163CE82101AD9900E360C4 /* ScsSocket.h */ = {isa = PBXFileReference; fileEncoding = 4; lastKnownFileType = sourcecode.c.h; name = ScsSocket.h; path = ../../../../../Source/ScsSocket.h; sourceTree = "<group>"; };
		AA163CE92101AD9900E360C4 /* ScsSendQueue.h */ = {isa = PBXFileReference; fileEncoding = 4; lastKnownFileType = sourcecode.c.h; name = ScsSendQueue.h; path = ../../../../../Source/ScsSendQueue.h; sourceTree = "<group>"; };
		AA163CEA2101AD9900E360C4 /* ScsSocket.cpp */ = {isa = PBXFileReference; fileEncoding = 4; lastKnownFileType = sourcecode.cpp.cpp; name = ScsSocket.cpp; path = ../../../../../Source/ScsSocket.cpp; sourceTree = "<group>"; };
		AA163CEB2101AD9900E360C4 /* ScsReceiveQueue.cpp */ = {isa = PBXFileReference; fileEncoding = 4; lastKnownFileType = sourcecode.cpp.cpp; name = ScsReceiveQueue.cpp; path = ../../../../../Source/ScsReceiveQueue.cpp; sourceTree = "<group>"; };
		AA163CEC2101AD9900E360C4 /* Scs.h */ = {isa = PBXFileReference; fileEncoding = 4; lastKnownFileType = sourcecode.c.h; name = Scs.h; path = ../../../../../Source/Scs.h; sourceTree = "<group>"; };
		AA163CED2101AD9900E360C4 /* ScsAddress.cpp */ = {isa = PBXFileReference; fileEncoding = 4; lastKnownFileType = sourcecode.cpp.cpp; name = ScsAddress.cpp; path = ../../../../../Source/ScsAddress.cpp; sourceTree = "<group>"; };
		AA163CEE2101AD9900E360C4 /* ScsClient.cpp */ = {isa = PBXFileReference; fileEncoding = 4; lastKnownFileType = sourcecode.cpp.cpp; name = ScsClient.cpp; path = ../../../../../Source/ScsClient.cpp; sourceTree = "<group>"; };
/* End PBXFileReference section */

/* Begin PBXFrameworksBuildPhase section */
		AA163CD22101AD0A00E360C4 /* Frameworks */ = {
			isa = PBXFrameworksBuildPhase;
			buildActionMask = 2147483647;
			files = (
			);
			runOnlyForDeploymentPostprocessing = 0;
		};
/* End PBXFrameworksBuildPhase section */

/* Begin PBXGroup section */
		AA163CCC2101AD0A00E360C4 = {
			isa = PBXGroup;
			children = (
				AA163CDD2101AD7A00E360C4 /* Source */,
				AA163CD62101AD0A00E360C4 /* Products */,
			);
			sourceTree = "<group>";
		};
		AA163CD62101AD0A00E360C4 /* Products */ = {
			isa = PBXGroup;
			children = (
				AA163CD52101AD0A00E360C4 /* libScs.a */,
			);
			name = Products;
			sourceTree = "<group>";
		};
		AA163CDD2101AD7A00E360C4 /* Source */ = {
			isa = PBXGroup;
			children = (
				AA163CE12101AD9800E360C4 /* Scs.cpp */,
				AA163CEC2101AD9900E360C4 /* Scs.h */,
				AA163CED2101AD9900E360C4 /* ScsAddress.cpp */,
				AA163CE52101AD9800E360C4 /* ScsAddress.h */,
				AA163CEE2101AD9900E360C4 /* ScsClient.cpp */,
				AA163CDF2101AD9800E360C4 /* ScsClient.h */,
				AA163CE02101AD9800E360C4 /* ScsCommon.cpp */,
				AA163CE62101AD9900E360C4 /* ScsCommon.h */,
				AA163CE22101AD9800E360C4 /* ScsInternal.h */,
				AA163CEB2101AD9900E360C4 /* ScsReceiveQueue.cpp */,
				AA163CE72101AD9900E360C4 /* ScsReceiveQueue.h */,
				AA163CE42101AD9800E360C4 /* ScsSendQueue.cpp */,
				AA163CE92101AD9900E360C4 /* ScsSendQueue.h */,
				AA163CDE2101AD9800E360C4 /* ScsServer.cpp */,
				AA163CE32101AD9800E360C4 /* ScsServer.h */,
				AA163CEA2101AD9900E360C4 /* ScsSocket.cpp */,
				AA163CE82101AD9900E360C4 /* ScsSocket.h */,
			);
			path = Source;
			sourceTree = "<group>";
		};
/* End PBXGroup section */

/* Begin PBXHeadersBuildPhase section */
		AA163CD32101AD0A00E360C4 /* Headers */ = {
			isa = PBXHeadersBuildPhase;
			buildActionMask = 2147483647;
			files = (
				AA163CF92101AD9900E360C4 /* ScsSocket.h in Headers */,
				AA163CF42101AD9900E360C4 /* ScsServer.h in Headers */,
				AA163CF62101AD9900E360C4 /* ScsAddress.h in Headers */,
				AA163CF72101AD9900E360C4 /* ScsCommon.h in Headers */,
				AA163CFA2101AD9900E360C4 /* ScsSendQueue.h in Headers */,
				AA163CF02101AD9900E360C4 /* ScsClient.h in Headers */,
				AA163CFD2101AD9900E360C4 /* Scs.h in Headers */,
				AA163CF82101AD9900E360C4 /* ScsReceiveQueue.h in Headers */,
				AA163CF32101AD9900E360C4 /* ScsInternal.h in Headers */,
			);
			runOnlyForDeploymentPostprocessing = 0;
		};
/* End PBXHeadersBuildPhase section */

/* Begin PBXNativeTarget section */
		AA163CD42101AD0A00E360C4 /* Scs */ = {
			isa = PBXNativeTarget;
			buildConfigurationList = AA163CD92101AD0A00E360C4 /* Build configuration list for PBXNativeTarget "Scs" */;
			buildPhases = (
				AA163CD12101AD0A00E360C4 /* Sources */,
				AA163CD22101AD0A00E360C4 /* Frameworks */,
				AA163CD32101AD0A00E360C4 /* Headers */,
			);
			buildRules = (
			);
			dependencies = (
			);
			name = Scs;
			productName = Scs;
			productReference = AA163CD52101AD0A00E360C4 /* libScs.a */;
			productType = "com.apple.product-type.library.static";
		};
/* End PBXNativeTarget section */

/* Begin PBXProject section */
		AA163CCD2101AD0A00E360C4 /* Project object */ = {
			isa = PBXProject;
			attributes = {
				LastUpgradeCheck = 0940;
				ORGANIZATIONNAME = "James Boer";
				TargetAttributes = {
					AA163CD42101AD0A00E360C4 = {
						CreatedOnToolsVersion = 9.4.1;
					};
				};
			};
			buildConfigurationList = AA163CD02101AD0A00E360C4 /* Build configuration list for PBXProject "Scs" */;
			compatibilityVersion = "Xcode 9.3";
			developmentRegion = en;
			hasScannedForEncodings = 0;
			knownRegions = (
				en,
			);
			mainGroup = AA163CCC2101AD0A00E360C4;
			productRefGroup = AA163CD62101AD0A00E360C4 /* Products */;
			projectDirPath = "";
			projectRoot = "";
			targets = (
				AA163CD42101AD0A00E360C4 /* Scs */,
			);
		};
/* End PBXProject section */

/* Begin PBXSourcesBuildPhase section */
		AA163CD12101AD0A00E360C4 /* Sources */ = {
			isa = PBXSourcesBuildPhase;
			buildActionMask = 2147483647;
			files = (
				AA163CF22101AD9900E360C4 /* Scs.cpp in Sources */,
				AA163CF52101AD9900E360C4 /* ScsSendQueue.cpp in Sources */,
				AA163CFB2101AD9900E360C4 /* ScsSocket.cpp in Sources */,
				AA163CF12101AD9900E360C4 /* ScsCommon.cpp in Sources */,
				AA163CFE2101AD9900E360C4 /* ScsAddress.cpp in Sources */,
				AA163CEF2101AD9900E360C4 /* ScsServer.cpp in Sources */,
				AA163CFF2101AD9900E360C4 /* ScsClient.cpp in Sources */,
				AA163CFC2101AD9900E360C4 /* ScsReceiveQueue.cpp in Sources */,
			);
			runOnlyForDeploymentPostprocessing = 0;
		};
/* End PBXSourcesBuildPhase section */

/* Begin XCBuildConfiguration section */
		AA163CD72101AD0A00E360C4 /* Debug */ = {
			isa = XCBuildConfiguration;
			buildSettings = {
				ALWAYS_SEARCH_USER_PATHS = NO;
				CLANG_ANALYZER_NONNULL = YES;
				CLANG_ANALYZER_NUMBER_OBJECT_CONVERSION = YES_AGGRESSIVE;
				CLANG_CXX_LANGUAGE_STANDARD = "gnu++14";
				CLANG_CXX_LIBRARY = "libc++";
				CLANG_ENABLE_MODULES = YES;
				CLANG_ENABLE_OBJC_ARC = YES;
				CLANG_ENABLE_OBJC_WEAK = YES;
				CLANG_WARN_BLOCK_CAPTURE_AUTORELEASING = YES;
				CLANG_WARN_BOOL_CONVERSION = YES;
				CLANG_WARN_COMMA = YES;
				CLANG_WARN_CONSTANT_CONVERSION = YES;
				CLANG_WARN_DEPRECATED_OBJC_IMPLEMENTATIONS = YES;
				CLANG_WARN_DIRECT_OBJC_ISA_USAGE = YES_ERROR;
				CLANG_WARN_DOCUMENTATION_COMMENTS = YES;
				CLANG_WARN_EMPTY_BODY = YES;
				CLANG_WARN_ENUM_CONVERSION = YES;
				CLANG_WARN_INFINITE_RECURSION = YES;
				CLANG_WARN_INT_CONVERSION = YES;
				CLANG_WARN_NON_LITERAL_NULL_CONVERSION = YES;
				CLANG_WARN_OBJC_IMPLICIT_RETAIN_SELF = YES;
				CLANG_WARN_OBJC_LITERAL_CONVERSION = YES;
				CLANG_WARN_OBJC_ROOT_CLASS = YES_ERROR;
				CLANG_WARN_RANGE_LOOP_ANALYSIS = YES;
				CLANG_WARN_STRICT_PROTOTYPES = YES;
				CLANG_WARN_SUSPICIOUS_MOVE = YES;
				CLANG_WARN_UNGUARDED_AVAILABILITY = YES_AGGRESSIVE;
				CLANG_WARN_UNREACHABLE_CODE = YES;
				CLANG_WARN__DUPLICATE_METHOD_MATCH = YES;
				CODE_SIGN_IDENTITY = "-";
				COPY_PHASE_STRIP = NO;
				DEBUG_INFORMATION_FORMAT = dwarf;
				ENABLE_STRICT_OBJC_MSGSEND = YES;
				ENABLE_TESTABILITY = YES;
				GCC_C_LANGUAGE_STANDARD = gnu11;
				GCC_DYNAMIC_NO_PIC = NO;
				GCC_NO_COMMON_BLOCKS = YES;
				GCC_OPTIMIZATION_LEVEL = 0;
				GCC_PREPROCESSOR_DEFINITIONS = (
					"DEBUG=1",
					"$(inherited)",
				);
				GCC_WARN_64_TO_32_BIT_CONVERSION = YES;
				GCC_WARN_ABOUT_RETURN_TYPE = YES_ERROR;
				GCC_WARN_UNDECLARED_SELECTOR = YES;
				GCC_WARN_UNINITIALIZED_AUTOS = YES_AGGRESSIVE;
				GCC_WARN_UNUSED_FUNCTION = YES;
				GCC_WARN_UNUSED_VARIABLE = YES;
				MACOSX_DEPLOYMENT_TARGET = 10.13;
				MTL_ENABLE_DEBUG_INFO = YES;
				ONLY_ACTIVE_ARCH = YES;
				SDKROOT = macosx;
			};
			name = Debug;
		};
		AA163CD82101AD0A00E360C4 /* Release */ = {
			isa = XCBuildConfiguration;
			buildSettings = {
				ALWAYS_SEARCH_USER_PATHS = NO;
				CLANG_ANALYZER_NONNULL = YES;
				CLANG_ANALYZER_NUMBER_OBJECT_CONVERSION = YES_AGGRESSIVE;
				CLANG_CXX_LANGUAGE_STANDARD = "gnu++14";
				CLANG_CXX_LIBRARY = "libc++";
				CLANG_ENABLE_MODULES = YES;
				CLANG_ENABLE_OBJC_ARC = YES;
				CLANG_ENABLE_OBJC_WEAK = YES;
				CLANG_WARN_BLOCK_CAPTURE_AUTORELEASING = YES;
				CLANG_WARN_BOOL_CONVERSION = YES;
				CLANG_WARN_COMMA = YES;
				CLANG_WARN_CONSTANT_CONVERSION = YES;
				CLANG_WARN_DEPRECATED_OBJC_IMPLEMENTATIONS = YES;
				CLANG_WARN_DIRECT_OBJC_ISA_USAGE = YES_ERROR;
				CLANG_WARN_DOCUMENTATION_COMMENTS = YES;
				CLANG_WARN_EMPTY_BODY = YES;
				CLANG_WARN_ENUM_CONVERSION = YES;
				CLANG_WARN_INFINITE_RECURSION = YES;
				CLANG_WARN_INT_CONVERSION = YES;
				CLANG_WARN_NON_LITERAL_NULL_CONVERSION = YES;
				CLANG_WARN_OBJC_IMPLICIT_RETAIN_SELF = YES;
				CLANG_WARN_OBJC_LITERAL_CONVERSION = YES;
				CLANG_WARN_OBJC_ROOT_CLASS = YES_ERROR;
				CLANG_WARN_RANGE_LOOP_ANALYSIS = YES;
				CLANG_WARN_STRICT_PROTOTYPES = YES;
				CLANG_WARN_SUSPICIOUS_MOVE = YES;
				CLANG_WARN_UNGUARDED_AVAILABILITY = YES_AGGRESSIVE;
				CLANG_WARN_UNREACHABLE_CODE = YES;
				CLANG_WARN__DUPLICATE_METHOD_MATCH = YES;
				CODE_SIGN_IDENTITY = "-";
				COPY_PHASE_STRIP = NO;
				DEBUG_INFORMATION_FORMAT = "dwarf-with-dsym";
				ENABLE_NS_ASSERTIONS = NO;
				ENABLE_STRICT_OBJC_MSGSEND = YES;
				GCC_C_LANGUAGE_STANDARD = gnu11;
				GCC_NO_COMMON_BLOCKS = YES;
				GCC_WARN_64_TO_32_BIT_CONVERSION = YES;
				GCC_WARN_ABOUT_RETURN_TYPE = YES_ERROR;
				GCC_WARN_UNDECLARED_SELECTOR = YES;
				GCC_WARN_UNINITIALIZED_AUTOS = YES_AGGRESSIVE;
				GCC_WARN_UNUSED_FUNCTION = YES;
				GCC_WARN_UNUSED_VARIABLE = YES;
				MACOSX_DEPLOYMENT_TARGET = 10.13;
				MTL_ENABLE_DEBUG_INFO = NO;
				SDKROOT = macosx;
			};
			name = Release;
		};
		AA163CDA2101AD0A00E360C4 /* Debug */ = {
			isa = XCBuildConfiguration;
			buildSettings = {
				CODE_SIGN_STYLE = Automatic;
				EXECUTABLE_PREFIX = lib;
				PRODUCT_NAME = "$(TARGET_NAME)";
				SKIP_INSTALL = YES;
			};
			name = Debug;
		};
		AA163CDB2101AD0A00E360C4 /* Release */ = {
			isa = XCBuildConfiguration;
			buildSettings = {
				CODE_SIGN_STYLE = Automatic;
				EXECUTABLE_PREFIX = lib;
				PRODUCT_NAME = "$(TARGET_NAME)";
				SKIP_INSTALL = YES;
			};
			name = Release;
		};
/* End XCBuildConfiguration section */

/* Begin XCConfigurationList section */
		AA163CD02101AD0A00E360C4 /* Build configuration list for PBXProject "Scs" */ = {
			isa = XCConfigurationList;
			buildConfigurations = (
				AA163CD72101AD0A00E360C4 /* Debug */,
				AA163CD82101AD0A00E360C4 /* Release */,
			);
			defaultConfigurationIsVisible = 0;
			defaultConfigurationName = Release;
		};
		AA163CD92101AD0A00E360C4 /* Build configuration list for PBXNativeTarget "Scs" */ = {
			isa = XCConfigurationList;
			buildConfigurations = (
				AA163CDA2101AD0A00E360C4 /* Debug */,
				AA163CDB2101AD0A00E360C4 /* Release */,
			);
			defaultConfigurationIsVisible = 0;
			defaultConfigurationName = Release;
		};
/* End XCConfigurationList section */
	};
	rootObject = AA163CCD2101AD0A00E360C4 /* Project object */;
}
