// !$*UTF8*$!
{
	archiveVersion = 1;
	classes = {
	};
	objectVersion = 50;
	objects = {

/* Begin PBXBuildFile section */
		AA63F81F21021B51005A9F8B /* libScs.a in Frameworks */ = {isa = PBXBuildFile; fileRef = AA63F81B210219F6005A9F8B /* libScs.a */; };
		AA7186F7210215E600DD523D /* ScsTest.cpp in Sources */ = {isa = PBXBuildFile; fileRef = AA7186F6210215E600DD523D /* ScsTest.cpp */; };
/* End PBXBuildFile section */

/* Begin PBXContainerItemProxy section */
		AA63F81A210219F6005A9F8B /* PBXContainerItemProxy */ = {
			isa = PBXContainerItemProxy;
			containerPortal = AA63F816210219F6005A9F8B /* Scs.xcodeproj */;
			proxyType = 2;
			remoteGlobalIDString = AA163CD52101AD0A00E360C4;
			remoteInfo = Scs;
		};
		AA63F81C21021B32005A9F8B /* PBXContainerItemProxy */ = {
			isa = PBXContainerItemProxy;
			containerPortal = AA63F816210219F6005A9F8B /* Scs.xcodeproj */;
			proxyType = 1;
			remoteGlobalIDString = AA163CD42101AD0A00E360C4;
			remoteInfo = Scs;
		};
/* End PBXContainerItemProxy section */

/* Begin PBXCopyFilesBuildPhase section */
		AA7186EA210215B400DD523D /* CopyFiles */ = {
			isa = PBXCopyFilesBuildPhase;
			buildActionMask = 2147483647;
			dstPath = /usr/share/man/man1/;
			dstSubfolderSpec = 0;
			files = (
			);
			runOnlyForDeploymentPostprocessing = 1;
		};
/* End PBXCopyFilesBuildPhase section */

/* Begin PBXFileReference section */
		AA63F816210219F6005A9F8B /* Scs.xcodeproj */ = {isa = PBXFileReference; lastKnownFileType = "wrapper.pb-project"; name = Scs.xcodeproj; path = ../../../../Scs/macOS/Scs/Scs.xcodeproj; sourceTree = "<group>"; };
		AA7186EC210215B400DD523D /* ScsTest */ = {isa = PBXFileReference; explicitFileType = "compiled.mach-o.executable"; includeInIndex = 0; path = ScsTest; sourceTree = BUILT_PRODUCTS_DIR; };
		AA7186F6210215E600DD523D /* ScsTest.cpp */ = {isa = PBXFileReference; fileEncoding = 4; lastKnownFileType = sourcecode.cpp.cpp; name = ScsTest.cpp; path = ../../../../Source/ScsTest.cpp; sourceTree = "<group>"; };
		AA7186F82102169B00DD523D /* clara.hpp */ = {isa = PBXFileReference; fileEncoding = 4; lastKnownFileType = sourcecode.cpp.h; name = clara.hpp; path = ../../../../Source/clara.hpp; sourceTree = "<group>"; };
/* End PBXFileReference section */

/* Begin PBXFrameworksBuildPhase section */
		AA7186E9210215B400DD523D /* Frameworks */ = {
			isa = PBXFrameworksBuildPhase;
			buildActionMask = 2147483647;
			files = (
				AA63F81F21021B51005A9F8B /* libScs.a in Frameworks */,
			);
			runOnlyForDeploymentPostprocessing = 0;
		};
/* End PBXFrameworksBuildPhase section */

/* Begin PBXGroup section */
		AA63F817210219F6005A9F8B /* Products */ = {
			isa = PBXGroup;
			children = (
				AA63F81B210219F6005A9F8B /* libScs.a */,
			);
			name = Products;
			sourceTree = "<group>";
		};
		AA7186E3210215B400DD523D = {
			isa = PBXGroup;
			children = (
				AA63F816210219F6005A9F8B /* Scs.xcodeproj */,
				AA7186EE210215B400DD523D /* ScsTest */,
				AA7186ED210215B400DD523D /* Products */,
			);
			sourceTree = "<group>";
		};
		AA7186ED210215B400DD523D /* Products */ = {
			isa = PBXGroup;
			children = (
				AA7186EC210215B400DD523D /* ScsTest */,
			);
			name = Products;
			sourceTree = "<group>";
		};
		AA7186EE210215B400DD523D /* ScsTest */ = {
			isa = PBXGroup;
			children = (
				AA7186F82102169B00DD523D /* clara.hpp */,
				AA7186F6210215E600DD523D /* ScsTest.cpp */,
			);
			path = ScsTest;
			sourceTree = "<group>";
		};
/* End PBXGroup section */

/* Begin PBXNativeTarget section */
		AA7186EB210215B400DD523D /* ScsTest */ = {
			isa = PBXNativeTarget;
			buildConfigurationList = AA7186F3210215B400DD523D /* Build configuration list for PBXNativeTarget "ScsTest" */;
			buildPhases = (
				AA7186E8210215B400DD523D /* Sources */,
				AA7186E9210215B400DD523D /* Frameworks */,
				AA7186EA210215B400DD523D /* CopyFiles */,
			);
			buildRules = (
			);
			dependencies = (
				AA63F81D21021B32005A9F8B /* PBXTargetDependency */,
			);
			name = ScsTest;
			productName = ScsTest;
			productReference = AA7186EC210215B400DD523D /* ScsTest */;
			productType = "com.apple.product-type.tool";
		};
/* End PBXNativeTarget section */

/* Begin PBXProject section */
		AA7186E4210215B400DD523D /* Project object */ = {
			isa = PBXProject;
			attributes = {
				LastUpgradeCheck = 0940;
				ORGANIZATIONNAME = "James Boer";
				TargetAttributes = {
					AA7186EB210215B400DD523D = {
						CreatedOnToolsVersion = 9.4.1;
					};
				};
			};
			buildConfigurationList = AA7186E7210215B400DD523D /* Build configuration list for PBXProject "ScsTest" */;
			compatibilityVersion = "Xcode 9.3";
			developmentRegion = en;
			hasScannedForEncodings = 0;
			knownRegions = (
				en,
			);
			mainGroup = AA7186E3210215B400DD523D;
			productRefGroup = AA7186ED210215B400DD523D /* Products */;
			projectDirPath = "";
			projectReferences = (
				{
					ProductGroup = AA63F817210219F6005A9F8B /* Products */;
					ProjectRef = AA63F816210219F6005A9F8B /* Scs.xcodeproj */;
				},
			);
			projectRoot = "";
			targets = (
				AA7186EB210215B400DD523D /* ScsTest */,
			);
		};
/* End PBXProject section */

/* Begin PBXReferenceProxy section */
		AA63F81B210219F6005A9F8B /* libScs.a */ = {
			isa = PBXReferenceProxy;
			fileType = archive.ar;
			path = libScs.a;
			remoteRef = AA63F81A210219F6005A9F8B /* PBXContainerItemProxy */;
			sourceTree = BUILT_PRODUCTS_DIR;
		};
/* End PBXReferenceProxy section */

/* Begin PBXSourcesBuildPhase section */
		AA7186E8210215B400DD523D /* Sources */ = {
			isa = PBXSourcesBuildPhase;
			buildActionMask = 2147483647;
			files = (
				AA7186F7210215E600DD523D /* ScsTest.cpp in Sources */,
			);
			runOnlyForDeploymentPostprocessing = 0;
		};
/* End PBXSourcesBuildPhase section */

/* Begin PBXTargetDependency section */
		AA63F81D21021B32005A9F8B /* PBXTargetDependency */ = {
			isa = PBXTargetDependency;
			name = Scs;
			targetProxy = AA63F81C21021B32005A9F8B /* PBXContainerItemProxy */;
		};
/* End PBXTargetDependency section */

/* Begin XCBuildConfiguration section */
		AA7186F1210215B400DD523D /* Debug */ = {
			isa = XCBuildConfiguration;
			buildSettings = {
				ALWAYS_SEARCH_USER_PATHS = NO;
				CLANG_ANALYZER_NONNULL = YES;
				CLANG_ANALYZER_NUMBER_OBJECT_CONVERSION = YES_AGGRESSIVE;
				CLANG_CXX_LANGUAGE_STANDARD = "gnu++14";
				CLANG_CXX_LIBRARY = "libc++";
				CLANG_ENABLE_MODULES = YES;
				CLANG_ENABLE_OBJC_ARC = YES;
				CLANG_ENABLE_OBJC_WEAK = YES;
				CLANG_WARN_BLOCK_CAPTURE_AUTORELEASING = YES;
				CLANG_WARN_BOOL_CONVERSION = YES;
				CLANG_WARN_COMMA = YES;
				CLANG_WARN_CONSTANT_CONVERSION = YES;
				CLANG_WARN_DEPRECATED_OBJC_IMPLEMENTATIONS = YES;
				CLANG_WARN_DIRECT_OBJC_ISA_USAGE = YES_ERROR;
				CLANG_WARN_DOCUMENTATION_COMMENTS = YES;
				CLANG_WARN_EMPTY_BODY = YES;
				CLANG_WARN_ENUM_CONVERSION = YES;
				CLANG_WARN_INFINITE_RECURSION = YES;
				CLANG_WARN_INT_CONVERSION = YES;
				CLANG_WARN_NON_LITERAL_NULL_CONVERSION = YES;
				CLANG_WARN_OBJC_IMPLICIT_RETAIN_SELF = YES;
				CLANG_WARN_OBJC_LITERAL_CONVERSION = YES;
				CLANG_WARN_OBJC_ROOT_CLASS = YES_ERROR;
				CLANG_WARN_RANGE_LOOP_ANALYSIS = YES;
				CLANG_WARN_STRICT_PROTOTYPES = YES;
				CLANG_WARN_SUSPICIOUS_MOVE = YES;
				CLANG_WARN_UNGUARDED_AVAILABILITY = YES_AGGRESSIVE;
				CLANG_WARN_UNREACHABLE_CODE = YES;
				CLANG_WARN__DUPLICATE_METHOD_MATCH = YES;
				CODE_SIGN_IDENTITY = "-";
				COPY_PHASE_STRIP = NO;
				DEBUG_INFORMATION_FORMAT = dwarf;
				ENABLE_STRICT_OBJC_MSGSEND = YES;
				ENABLE_TESTABILITY = YES;
				GCC_C_LANGUAGE_STANDARD = gnu11;
				GCC_DYNAMIC_NO_PIC = NO;
				GCC_NO_COMMON_BLOCKS = YES;
				GCC_OPTIMIZATION_LEVEL = 0;
				GCC_PREPROCESSOR_DEFINITIONS = (
					"DEBUG=1",
					"$(inherited)",
				);
				GCC_WARN_64_TO_32_BIT_CONVERSION = YES;
				GCC_WARN_ABOUT_RETURN_TYPE = YES_ERROR;
				GCC_WARN_UNDECLARED_SELECTOR = YES;
				GCC_WARN_UNINITIALIZED_AUTOS = YES_AGGRESSIVE;
				GCC_WARN_UNUSED_FUNCTION = YES;
				GCC_WARN_UNUSED_VARIABLE = YES;
				MACOSX_DEPLOYMENT_TARGET = 10.13;
				MTL_ENABLE_DEBUG_INFO = YES;
				ONLY_ACTIVE_ARCH = YES;
				SDKROOT = macosx;
			};
			name = Debug;
		};
		AA7186F2210215B400DD523D /* Release */ = {
			isa = XCBuildConfiguration;
			buildSettings = {
				ALWAYS_SEARCH_USER_PATHS = NO;
				CLANG_ANALYZER_NONNULL = YES;
				CLANG_ANALYZER_NUMBER_OBJECT_CONVERSION = YES_AGGRESSIVE;
				CLANG_CXX_LANGUAGE_STANDARD = "gnu++14";
				CLANG_CXX_LIBRARY = "libc++";
				CLANG_ENABLE_MODULES = YES;
				CLANG_ENABLE_OBJC_ARC = YES;
				CLANG_ENABLE_OBJC_WEAK = YES;
				CLANG_WARN_BLOCK_CAPTURE_AUTORELEASING = YES;
				CLANG_WARN_BOOL_CONVERSION = YES;
				CLANG_WARN_COMMA = YES;
				CLANG_WARN_CONSTANT_CONVERSION = YES;
				CLANG_WARN_DEPRECATED_OBJC_IMPLEMENTATIONS = YES;
				CLANG_WARN_DIRECT_OBJC_ISA_USAGE = YES_ERROR;
				CLANG_WARN_DOCUMENTATION_COMMENTS = YES;
				CLANG_WARN_EMPTY_BODY = YES;
				CLANG_WARN_ENUM_CONVERSION = YES;
				CLANG_WARN_INFINITE_RECURSION = YES;
				CLANG_WARN_INT_CONVERSION = YES;
				CLANG_WARN_NON_LITERAL_NULL_CONVERSION = YES;
				CLANG_WARN_OBJC_IMPLICIT_RETAIN_SELF = YES;
				CLANG_WARN_OBJC_LITERAL_CONVERSION = YES;
				CLANG_WARN_OBJC_ROOT_CLASS = YES_ERROR;
				CLANG_WARN_RANGE_LOOP_ANALYSIS = YES;
				CLANG_WARN_STRICT_PROTOTYPES = YES;
				CLANG_WARN_SUSPICIOUS_MOVE = YES;
				CLANG_WARN_UNGUARDED_AVAILABILITY = YES_AGGRESSIVE;
				CLANG_WARN_UNREACHABLE_CODE = YES;
				CLANG_WARN__DUPLICATE_METHOD_MATCH = YES;
				CODE_SIGN_IDENTITY = "-";
				COPY_PHASE_STRIP = NO;
				DEBUG_INFORMATION_FORMAT = "dwarf-with-dsym";
				ENABLE_NS_ASSERTIONS = NO;
				ENABLE_STRICT_OBJC_MSGSEND = YES;
				GCC_C_LANGUAGE_STANDARD = gnu11;
				GCC_NO_COMMON_BLOCKS = YES;
				GCC_WARN_64_TO_32_BIT_CONVERSION = YES;
				GCC_WARN_ABOUT_RETURN_TYPE = YES_ERROR;
				GCC_WARN_UNDECLARED_SELECTOR = YES;
				GCC_WARN_UNINITIALIZED_AUTOS = YES_AGGRESSIVE;
				GCC_WARN_UNUSED_FUNCTION = YES;
				GCC_WARN_UNUSED_VARIABLE = YES;
				MACOSX_DEPLOYMENT_TARGET = 10.13;
				MTL_ENABLE_DEBUG_INFO = NO;
				SDKROOT = macosx;
			};
			name = Release;
		};
		AA7186F4210215B400DD523D /* Debug */ = {
			isa = XCBuildConfiguration;
			buildSettings = {
				CODE_SIGN_STYLE = Automatic;
				PRODUCT_NAME = "$(TARGET_NAME)";
			};
			name = Debug;
		};
		AA7186F5210215B400DD523D /* Release */ = {
			isa = XCBuildConfiguration;
			buildSettings = {
				CODE_SIGN_STYLE = Automatic;
				PRODUCT_NAME = "$(TARGET_NAME)";
			};
			name = Release;
		};
/* End XCBuildConfiguration section */

/* Begin XCConfigurationList section */
		AA7186E7210215B400DD523D /* Build configuration list for PBXProject "ScsTest" */ = {
			isa = XCConfigurationList;
			buildConfigurations = (
				AA7186F1210215B400DD523D /* Debug */,
				AA7186F2210215B400DD523D /* Release */,
			);
			defaultConfigurationIsVisible = 0;
			defaultConfigurationName = Release;
		};
		AA7186F3210215B400DD523D /* Build configuration list for PBXNativeTarget "ScsTest" */ = {
			isa = XCConfigurationList;
			buildConfigurations = (
				AA7186F4210215B400DD523D /* Debug */,
				AA7186F5210215B400DD523D /* Release */,
			);
			defaultConfigurationIsVisible = 0;
			defaultConfigurationName = Release;
		};
/* End XCConfigurationList section */
	};
	rootObject = AA7186E4210215B400DD523D /* Project object */;
}
